
Microsoft Visual Studio Solution File, Format Version 12.00
# Visual Studio 15
VisualStudioVersion = 15.0.27703.2000
MinimumVisualStudioVersion = 10.0.40219.1
Project("{151D2E53-A2C4-4D7D-83FE-D05416EBD58E}") = "exlab", "exlab\exlab.deployproj", "{F741E894-9637-43D8-B608-948433CFCCE2}"
EndProject
Global
	GlobalSection(SolutionConfigurationPlatforms) = preSolution
		Debug|Any CPU = Debug|Any CPU
		Release|Any CPU = Release|Any CPU
	EndGlobalSection
	GlobalSection(ProjectConfigurationPlatforms) = postSolution
		{F741E894-9637-43D8-B608-948433CFCCE2}.Debug|Any CPU.ActiveCfg = Debug|Any CPU
		{F741E894-9637-43D8-B608-948433CFCCE2}.Debug|Any CPU.Build.0 = Debug|Any CPU
		{F741E894-9637-43D8-B608-948433CFCCE2}.Release|Any CPU.ActiveCfg = Release|Any CPU
		{F741E894-9637-43D8-B608-948433CFCCE2}.Release|Any CPU.Build.0 = Release|Any CPU
	EndGlobalSection
	GlobalSection(SolutionProperties) = preSolution
		HideSolutionNode = FALSE
	EndGlobalSection
	GlobalSection(ExtensibilityGlobals) = postSolution
		SolutionGuid = {F8868BC2-7EC2-4945-9243-C86EDE3FC4CF}
	EndGlobalSection
EndGlobal
